
Microsoft Visual Studio Solution File, Format Version 12.00
# Visual Studio Version 17
VisualStudioVersion = 17.14.36408.4 d17.14
MinimumVisualStudioVersion = 10.0.40219.1
Project("{FAE04EC0-301F-11D3-BF4B-00C04F79EFBC}") = "NetworkShareOpener", "NetworkShareOpener\NetworkShareOpener.csproj", "{C51EB4B0-C1ED-4095-9C01-71D83461CA53}"
EndProject
Global
	GlobalSection(SolutionConfigurationPlatforms) = preSolution
		Debug|Any CPU = Debug|Any CPU
		Release|Any CPU = Release|Any CPU
	EndGlobalSection
	GlobalSection(ProjectConfigurationPlatforms) = postSolution
		{C51EB4B0-C1ED-4095-9C01-71D83461CA53}.Debug|Any CPU.ActiveCfg = Debug|Any CPU
		{C51EB4B0-C1ED-4095-9C01-71D83461CA53}.Debug|Any CPU.Build.0 = Debug|Any CPU
		{C51EB4B0-C1ED-4095-9C01-71D83461CA53}.Release|Any CPU.ActiveCfg = Release|Any CPU
		{C51EB4B0-C1ED-4095-9C01-71D83461CA53}.Release|Any CPU.Build.0 = Release|Any CPU
	EndGlobalSection
	GlobalSection(SolutionProperties) = preSolution
		HideSolutionNode = FALSE
	EndGlobalSection
	GlobalSection(ExtensibilityGlobals) = postSolution
		SolutionGuid = {5C362BAC-461B-42C9-ABC5-11996A37B4AA}
	EndGlobalSection
EndGlobal
